
Microsoft Visual Studio Solution File, Format Version 12.00
# Visual Studio Version 17
VisualStudioVersion = 17.0.32014.148
MinimumVisualStudioVersion = 10.0.40219.1
Project("{FAE04EC0-301F-11D3-BF4B-00C04F79EFBC}") = "HttpLis", "HttpLis\HttpLis.csproj", "{A8EDBBCB-8F19-4847-8FD5-DC145981B5EE}"
EndProject
Global
	GlobalSection(SolutionConfigurationPlatforms) = preSolution
		Debug|Any CPU = Debug|Any CPU
		Release|Any CPU = Release|Any CPU
	EndGlobalSection
	GlobalSection(ProjectConfigurationPlatforms) = postSolution
		{A8EDBBCB-8F19-4847-8FD5-DC145981B5EE}.Debug|Any CPU.ActiveCfg = Debug|Any CPU
		{A8EDBBCB-8F19-4847-8FD5-DC145981B5EE}.Debug|Any CPU.Build.0 = Debug|Any CPU
		{A8EDBBCB-8F19-4847-8FD5-DC145981B5EE}.Release|Any CPU.ActiveCfg = Release|Any CPU
		{A8EDBBCB-8F19-4847-8FD5-DC145981B5EE}.Release|Any CPU.Build.0 = Release|Any CPU
	EndGlobalSection
	GlobalSection(SolutionProperties) = preSolution
		HideSolutionNode = FALSE
	EndGlobalSection
	GlobalSection(ExtensibilityGlobals) = postSolution
		SolutionGuid = {2835A0B8-FB6F-4F23-A64D-013BA866FB29}
	EndGlobalSection
EndGlobal
